
Microsoft Visual Studio Solution File, Format Version 12.00
# Visual Studio Version 17
VisualStudioVersion = 17.9.34622.214
MinimumVisualStudioVersion = 10.0.40219.1
Project("{FAE04EC0-301F-11D3-BF4B-00C04F79EFBC}") = "KHN.Cons", "KHN.Cons\KHN.Cons.csproj", "{1BE418BD-DC8D-4B90-8B22-73A6516ACCDE}"
EndProject
Global
	GlobalSection(SolutionConfigurationPlatforms) = preSolution
		Debug|Any CPU = Debug|Any CPU
		Release|Any CPU = Release|Any CPU
	EndGlobalSection
	GlobalSection(ProjectConfigurationPlatforms) = postSolution
		{1BE418BD-DC8D-4B90-8B22-73A6516ACCDE}.Debug|Any CPU.ActiveCfg = Debug|Any CPU
		{1BE418BD-DC8D-4B90-8B22-73A6516ACCDE}.Debug|Any CPU.Build.0 = Debug|Any CPU
		{1BE418BD-DC8D-4B90-8B22-73A6516ACCDE}.Release|Any CPU.ActiveCfg = Release|Any CPU
		{1BE418BD-DC8D-4B90-8B22-73A6516ACCDE}.Release|Any CPU.Build.0 = Release|Any CPU
	EndGlobalSection
	GlobalSection(SolutionProperties) = preSolution
		HideSolutionNode = FALSE
	EndGlobalSection
	GlobalSection(ExtensibilityGlobals) = postSolution
		SolutionGuid = {FD2FE138-5E05-4055-BFCD-FD81A6929382}
	EndGlobalSection
EndGlobal
